
Microsoft Visual Studio Solution File, Format Version 12.00
# Visual Studio Version 17
VisualStudioVersion = 17.5.002.0
MinimumVisualStudioVersion = 10.0.40219.1
Project("{9A19103F-16F7-4668-BE54-9A1E7A4F7556}") = "FirstCSharp", "FirstCSharp.csproj", "{6F33BFFE-FA60-426E-A9A8-FC5905990BF9}"
EndProject
Global
	GlobalSection(SolutionConfigurationPlatforms) = preSolution
		Debug|Any CPU = Debug|Any CPU
		Release|Any CPU = Release|Any CPU
	EndGlobalSection
	GlobalSection(ProjectConfigurationPlatforms) = postSolution
		{6F33BFFE-FA60-426E-A9A8-FC5905990BF9}.Debug|Any CPU.ActiveCfg = Debug|Any CPU
		{6F33BFFE-FA60-426E-A9A8-FC5905990BF9}.Debug|Any CPU.Build.0 = Debug|Any CPU
		{6F33BFFE-FA60-426E-A9A8-FC5905990BF9}.Release|Any CPU.ActiveCfg = Release|Any CPU
		{6F33BFFE-FA60-426E-A9A8-FC5905990BF9}.Release|Any CPU.Build.0 = Release|Any CPU
	EndGlobalSection
	GlobalSection(SolutionProperties) = preSolution
		HideSolutionNode = FALSE
	EndGlobalSection
	GlobalSection(ExtensibilityGlobals) = postSolution
		SolutionGuid = {B1B9FE8C-218C-4267-99FC-FAAE01D9EBB3}
	EndGlobalSection
EndGlobal
